
Microsoft Visual Studio Solution File, Format Version 12.00
# Visual Studio Version 16
VisualStudioVersion = 16.0.28917.182
MinimumVisualStudioVersion = 10.0.40219.1
Project("{2150E333-8FDC-42A3-9474-1A3956D46DE8}") = "1 - Presentation", "1 - Presentation", "{B3EE7376-D62E-4933-A529-23FFE8450A0B}"
EndProject
Project("{2150E333-8FDC-42A3-9474-1A3956D46DE8}") = "2 - Application", "2 - Application", "{584E7CA4-1559-45B1-8945-DA397AD6DEE0}"
EndProject
Project("{2150E333-8FDC-42A3-9474-1A3956D46DE8}") = "3 - Domain", "3 - Domain", "{C7119B29-FC47-41F2-9255-6F08963EA88B}"
EndProject
Project("{2150E333-8FDC-42A3-9474-1A3956D46DE8}") = "4 - Infra", "4 - Infra", "{22F29BE3-C397-4371-9D3D-E9B0462609AB}"
EndProject
Project("{9A19103F-16F7-4668-BE54-9A1E7A4F7556}") = "MusicGenre.API", "MusicGenre.API\MusicGenre.API.csproj", "{A6277C54-8293-4BC2-91C0-FC5C959B8048}"
EndProject
Project("{9A19103F-16F7-4668-BE54-9A1E7A4F7556}") = "MusicGenre.Application", "MusicGenre.Application\MusicGenre.Application.csproj", "{E102DB6E-9F82-4008-A816-7EFB0F1D4F39}"
EndProject
Project("{9A19103F-16F7-4668-BE54-9A1E7A4F7556}") = "MusicGenre.Domain", "MusicGenre.Domain\MusicGenre.Domain.csproj", "{679247BC-67C9-4192-B30F-6E7B7EFEDF61}"
EndProject
Project("{2150E333-8FDC-42A3-9474-1A3956D46DE8}") = "4.1 - Infra.Deezer", "4.1 - Infra.Deezer", "{09164F3B-5A33-403B-98A8-144C068EED25}"
EndProject
Project("{9A19103F-16F7-4668-BE54-9A1E7A4F7556}") = "MusicGenre.Infra.Deezer", "MusicGenre.Infra.Deezer\MusicGenre.Infra.Deezer.csproj", "{8665880D-2DD8-4DFF-9070-F0DD2EF50E03}"
EndProject
Project("{2150E333-8FDC-42A3-9474-1A3956D46DE8}") = "4.2 - Infra.Weather", "4.2 - Infra.Weather", "{8B5EC712-FA1A-4078-A7AE-46E2CBAA8A1E}"
EndProject
Project("{2150E333-8FDC-42A3-9474-1A3956D46DE8}") = "4.3 - CrossCutting", "4.3 - CrossCutting", "{BCC2F788-19B1-41BE-847B-E1D8CD60282B}"
EndProject
Project("{FAE04EC0-301F-11D3-BF4B-00C04F79EFBC}") = "MusicGenre.Infra.Weather", "MusicGenre.Infra.Weather\MusicGenre.Infra.Weather.csproj", "{25B58576-9C52-4FF4-9DAC-270B2F84FF51}"
EndProject
Global
	GlobalSection(SolutionConfigurationPlatforms) = preSolution
		Debug|Any CPU = Debug|Any CPU
		Release|Any CPU = Release|Any CPU
	EndGlobalSection
	GlobalSection(ProjectConfigurationPlatforms) = postSolution
		{A6277C54-8293-4BC2-91C0-FC5C959B8048}.Debug|Any CPU.ActiveCfg = Debug|Any CPU
		{A6277C54-8293-4BC2-91C0-FC5C959B8048}.Debug|Any CPU.Build.0 = Debug|Any CPU
		{A6277C54-8293-4BC2-91C0-FC5C959B8048}.Release|Any CPU.ActiveCfg = Release|Any CPU
		{A6277C54-8293-4BC2-91C0-FC5C959B8048}.Release|Any CPU.Build.0 = Release|Any CPU
		{E102DB6E-9F82-4008-A816-7EFB0F1D4F39}.Debug|Any CPU.ActiveCfg = Debug|Any CPU
		{E102DB6E-9F82-4008-A816-7EFB0F1D4F39}.Debug|Any CPU.Build.0 = Debug|Any CPU
		{E102DB6E-9F82-4008-A816-7EFB0F1D4F39}.Release|Any CPU.ActiveCfg = Release|Any CPU
		{E102DB6E-9F82-4008-A816-7EFB0F1D4F39}.Release|Any CPU.Build.0 = Release|Any CPU
		{679247BC-67C9-4192-B30F-6E7B7EFEDF61}.Debug|Any CPU.ActiveCfg = Debug|Any CPU
		{679247BC-67C9-4192-B30F-6E7B7EFEDF61}.Debug|Any CPU.Build.0 = Debug|Any CPU
		{679247BC-67C9-4192-B30F-6E7B7EFEDF61}.Release|Any CPU.ActiveCfg = Release|Any CPU
		{679247BC-67C9-4192-B30F-6E7B7EFEDF61}.Release|Any CPU.Build.0 = Release|Any CPU
		{8665880D-2DD8-4DFF-9070-F0DD2EF50E03}.Debug|Any CPU.ActiveCfg = Debug|Any CPU
		{8665880D-2DD8-4DFF-9070-F0DD2EF50E03}.Debug|Any CPU.Build.0 = Debug|Any CPU
		{8665880D-2DD8-4DFF-9070-F0DD2EF50E03}.Release|Any CPU.ActiveCfg = Release|Any CPU
		{8665880D-2DD8-4DFF-9070-F0DD2EF50E03}.Release|Any CPU.Build.0 = Release|Any CPU
		{25B58576-9C52-4FF4-9DAC-270B2F84FF51}.Debug|Any CPU.ActiveCfg = Debug|Any CPU
		{25B58576-9C52-4FF4-9DAC-270B2F84FF51}.Debug|Any CPU.Build.0 = Debug|Any CPU
		{25B58576-9C52-4FF4-9DAC-270B2F84FF51}.Release|Any CPU.ActiveCfg = Release|Any CPU
		{25B58576-9C52-4FF4-9DAC-270B2F84FF51}.Release|Any CPU.Build.0 = Release|Any CPU
	EndGlobalSection
	GlobalSection(SolutionProperties) = preSolution
		HideSolutionNode = FALSE
	EndGlobalSection
	GlobalSection(NestedProjects) = preSolution
		{A6277C54-8293-4BC2-91C0-FC5C959B8048} = {B3EE7376-D62E-4933-A529-23FFE8450A0B}
		{E102DB6E-9F82-4008-A816-7EFB0F1D4F39} = {584E7CA4-1559-45B1-8945-DA397AD6DEE0}
		{679247BC-67C9-4192-B30F-6E7B7EFEDF61} = {C7119B29-FC47-41F2-9255-6F08963EA88B}
		{09164F3B-5A33-403B-98A8-144C068EED25} = {22F29BE3-C397-4371-9D3D-E9B0462609AB}
		{8665880D-2DD8-4DFF-9070-F0DD2EF50E03} = {09164F3B-5A33-403B-98A8-144C068EED25}
		{8B5EC712-FA1A-4078-A7AE-46E2CBAA8A1E} = {22F29BE3-C397-4371-9D3D-E9B0462609AB}
		{BCC2F788-19B1-41BE-847B-E1D8CD60282B} = {22F29BE3-C397-4371-9D3D-E9B0462609AB}
		{25B58576-9C52-4FF4-9DAC-270B2F84FF51} = {8B5EC712-FA1A-4078-A7AE-46E2CBAA8A1E}
	EndGlobalSection
	GlobalSection(ExtensibilityGlobals) = postSolution
		SolutionGuid = {AB7B7EB9-ECEE-4EFD-B20F-8E98ADFB65D3}
	EndGlobalSection
EndGlobal
